
Microsoft Visual Studio Solution File, Format Version 12.00
# Visual Studio Version 17
VisualStudioVersion = 17.13.35825.156
MinimumVisualStudioVersion = 10.0.40219.1
Project("{FAE04EC0-301F-11D3-BF4B-00C04F79EFBC}") = "Introduction", "Introduction\Introduction.csproj", "{5E0C1C1C-B290-4505-A412-F04DCEA52A87}"
EndProject
Project("{FAE04EC0-301F-11D3-BF4B-00C04F79EFBC}") = "DataTypes", "DataTypes\DataTypes.csproj", "{5D5A9441-8B4F-415D-97E8-30C0EBB4764D}"
EndProject
Project("{FAE04EC0-301F-11D3-BF4B-00C04F79EFBC}") = "SimpleTasks", "SimpleTasks\SimpleTasks.csproj", "{F3214AE0-8143-4F55-B73C-1040B859854D}"
EndProject
Project("{FAE04EC0-301F-11D3-BF4B-00C04F79EFBC}") = "Geometry", "Geometry\Geometry.csproj", "{20D1CA19-8D11-4AF7-B12B-FE779FA5DDFD}"
EndProject
Project("{FAE04EC0-301F-11D3-BF4B-00C04F79EFBC}") = "GAME", "GAME\GAME.csproj", "{CD0E1E43-FED9-4868-B176-526EEA57D026}"
EndProject
Project("{FAE04EC0-301F-11D3-BF4B-00C04F79EFBC}") = "Arrays", "Arrays\Arrays.csproj", "{BC431C90-21D4-4E3D-96BF-E866CF1F6A10}"
EndProject
Global
	GlobalSection(SolutionConfigurationPlatforms) = preSolution
		Debug|Any CPU = Debug|Any CPU
		Release|Any CPU = Release|Any CPU
	EndGlobalSection
	GlobalSection(ProjectConfigurationPlatforms) = postSolution
		{5E0C1C1C-B290-4505-A412-F04DCEA52A87}.Debug|Any CPU.ActiveCfg = Debug|Any CPU
		{5E0C1C1C-B290-4505-A412-F04DCEA52A87}.Debug|Any CPU.Build.0 = Debug|Any CPU
		{5E0C1C1C-B290-4505-A412-F04DCEA52A87}.Release|Any CPU.ActiveCfg = Release|Any CPU
		{5E0C1C1C-B290-4505-A412-F04DCEA52A87}.Release|Any CPU.Build.0 = Release|Any CPU
		{5D5A9441-8B4F-415D-97E8-30C0EBB4764D}.Debug|Any CPU.ActiveCfg = Debug|Any CPU
		{5D5A9441-8B4F-415D-97E8-30C0EBB4764D}.Debug|Any CPU.Build.0 = Debug|Any CPU
		{5D5A9441-8B4F-415D-97E8-30C0EBB4764D}.Release|Any CPU.ActiveCfg = Release|Any CPU
		{5D5A9441-8B4F-415D-97E8-30C0EBB4764D}.Release|Any CPU.Build.0 = Release|Any CPU
		{F3214AE0-8143-4F55-B73C-1040B859854D}.Debug|Any CPU.ActiveCfg = Debug|Any CPU
		{F3214AE0-8143-4F55-B73C-1040B859854D}.Debug|Any CPU.Build.0 = Debug|Any CPU
		{F3214AE0-8143-4F55-B73C-1040B859854D}.Release|Any CPU.ActiveCfg = Release|Any CPU
		{F3214AE0-8143-4F55-B73C-1040B859854D}.Release|Any CPU.Build.0 = Release|Any CPU
		{20D1CA19-8D11-4AF7-B12B-FE779FA5DDFD}.Debug|Any CPU.ActiveCfg = Debug|Any CPU
		{20D1CA19-8D11-4AF7-B12B-FE779FA5DDFD}.Debug|Any CPU.Build.0 = Debug|Any CPU
		{20D1CA19-8D11-4AF7-B12B-FE779FA5DDFD}.Release|Any CPU.ActiveCfg = Release|Any CPU
		{20D1CA19-8D11-4AF7-B12B-FE779FA5DDFD}.Release|Any CPU.Build.0 = Release|Any CPU
		{CD0E1E43-FED9-4868-B176-526EEA57D026}.Debug|Any CPU.ActiveCfg = Debug|Any CPU
		{CD0E1E43-FED9-4868-B176-526EEA57D026}.Debug|Any CPU.Build.0 = Debug|Any CPU
		{CD0E1E43-FED9-4868-B176-526EEA57D026}.Release|Any CPU.ActiveCfg = Release|Any CPU
		{CD0E1E43-FED9-4868-B176-526EEA57D026}.Release|Any CPU.Build.0 = Release|Any CPU
		{BC431C90-21D4-4E3D-96BF-E866CF1F6A10}.Debug|Any CPU.ActiveCfg = Debug|Any CPU
		{BC431C90-21D4-4E3D-96BF-E866CF1F6A10}.Debug|Any CPU.Build.0 = Debug|Any CPU
		{BC431C90-21D4-4E3D-96BF-E866CF1F6A10}.Release|Any CPU.ActiveCfg = Release|Any CPU
		{BC431C90-21D4-4E3D-96BF-E866CF1F6A10}.Release|Any CPU.Build.0 = Release|Any CPU
	EndGlobalSection
	GlobalSection(SolutionProperties) = preSolution
		HideSolutionNode = FALSE
	EndGlobalSection
	GlobalSection(ExtensibilityGlobals) = postSolution
		SolutionGuid = {BDDB6E22-8ECB-43D6-9EB5-BDF30912B0A1}
	EndGlobalSection
EndGlobal
