
Microsoft Visual Studio Solution File, Format Version 12.00
# Visual Studio Version 17
VisualStudioVersion = 17.13.35825.156
MinimumVisualStudioVersion = 10.0.40219.1
Project("{FAE04EC0-301F-11D3-BF4B-00C04F79EFBC}") = "Introduction", "Introduction\Introduction.csproj", "{5E0C1C1C-B290-4505-A412-F04DCEA52A87}"
EndProject
Project("{FAE04EC0-301F-11D3-BF4B-00C04F79EFBC}") = "DataTypes", "DataTypes\DataTypes.csproj", "{5D5A9441-8B4F-415D-97E8-30C0EBB4764D}"
EndProject
Global
	GlobalSection(SolutionConfigurationPlatforms) = preSolution
		Debug|Any CPU = Debug|Any CPU
		Release|Any CPU = Release|Any CPU
	EndGlobalSection
	GlobalSection(ProjectConfigurationPlatforms) = postSolution
		{5E0C1C1C-B290-4505-A412-F04DCEA52A87}.Debug|Any CPU.ActiveCfg = Debug|Any CPU
		{5E0C1C1C-B290-4505-A412-F04DCEA52A87}.Debug|Any CPU.Build.0 = Debug|Any CPU
		{5E0C1C1C-B290-4505-A412-F04DCEA52A87}.Release|Any CPU.ActiveCfg = Release|Any CPU
		{5E0C1C1C-B290-4505-A412-F04DCEA52A87}.Release|Any CPU.Build.0 = Release|Any CPU
		{5D5A9441-8B4F-415D-97E8-30C0EBB4764D}.Debug|Any CPU.ActiveCfg = Debug|Any CPU
		{5D5A9441-8B4F-415D-97E8-30C0EBB4764D}.Debug|Any CPU.Build.0 = Debug|Any CPU
		{5D5A9441-8B4F-415D-97E8-30C0EBB4764D}.Release|Any CPU.ActiveCfg = Release|Any CPU
		{5D5A9441-8B4F-415D-97E8-30C0EBB4764D}.Release|Any CPU.Build.0 = Release|Any CPU
	EndGlobalSection
	GlobalSection(SolutionProperties) = preSolution
		HideSolutionNode = FALSE
	EndGlobalSection
	GlobalSection(ExtensibilityGlobals) = postSolution
		SolutionGuid = {BDDB6E22-8ECB-43D6-9EB5-BDF30912B0A1}
	EndGlobalSection
EndGlobal
